
Microsoft Visual Studio Solution File, Format Version 12.00
# Visual Studio Version 16
VisualStudioVersion = 16.0.30225.117
MinimumVisualStudioVersion = 15.0.26124.0
Project("{9A19103F-16F7-4668-BE54-9A1E7A4F7556}") = "VirusTotalChecker", "VirusTotalChecker\VirusTotalChecker.csproj", "{677BE5AF-96B0-40F6-8AAD-F3BB9C1EF141}"
EndProject
Project("{9A19103F-16F7-4668-BE54-9A1E7A4F7556}") = "VirusTotalChecker.Console", "VirusTotalChecker.Console\VirusTotalChecker.Console.csproj", "{37578E28-437F-428A-B740-D488916CFEBB}"
EndProject
Project("{9A19103F-16F7-4668-BE54-9A1E7A4F7556}") = "VirusTotalChecker.Tests", "VirusTotalChecker.Tests\VirusTotalChecker.Tests.csproj", "{32552AF1-89FA-4008-AB55-06E22E449B87}"
EndProject
Project("{2150E333-8FDC-42A3-9474-1A3956D46DE8}") = "Solution Items", "Solution Items", "{5647CFD3-DB8D-460A-9F6E-B5548217EBC2}"
	ProjectSection(SolutionItems) = preProject
		.editorconfig = .editorconfig
	EndProjectSection
EndProject
Global
	GlobalSection(SolutionConfigurationPlatforms) = preSolution
		Debug|Any CPU = Debug|Any CPU
		Debug|x64 = Debug|x64
		Debug|x86 = Debug|x86
		Release|Any CPU = Release|Any CPU
		Release|x64 = Release|x64
		Release|x86 = Release|x86
	EndGlobalSection
	GlobalSection(ProjectConfigurationPlatforms) = postSolution
		{677BE5AF-96B0-40F6-8AAD-F3BB9C1EF141}.Debug|Any CPU.ActiveCfg = Debug|Any CPU
		{677BE5AF-96B0-40F6-8AAD-F3BB9C1EF141}.Debug|Any CPU.Build.0 = Debug|Any CPU
		{677BE5AF-96B0-40F6-8AAD-F3BB9C1EF141}.Debug|x64.ActiveCfg = Debug|Any CPU
		{677BE5AF-96B0-40F6-8AAD-F3BB9C1EF141}.Debug|x64.Build.0 = Debug|Any CPU
		{677BE5AF-96B0-40F6-8AAD-F3BB9C1EF141}.Debug|x86.ActiveCfg = Debug|Any CPU
		{677BE5AF-96B0-40F6-8AAD-F3BB9C1EF141}.Debug|x86.Build.0 = Debug|Any CPU
		{677BE5AF-96B0-40F6-8AAD-F3BB9C1EF141}.Release|Any CPU.ActiveCfg = Release|Any CPU
		{677BE5AF-96B0-40F6-8AAD-F3BB9C1EF141}.Release|Any CPU.Build.0 = Release|Any CPU
		{677BE5AF-96B0-40F6-8AAD-F3BB9C1EF141}.Release|x64.ActiveCfg = Release|Any CPU
		{677BE5AF-96B0-40F6-8AAD-F3BB9C1EF141}.Release|x64.Build.0 = Release|Any CPU
		{677BE5AF-96B0-40F6-8AAD-F3BB9C1EF141}.Release|x86.ActiveCfg = Release|Any CPU
		{677BE5AF-96B0-40F6-8AAD-F3BB9C1EF141}.Release|x86.Build.0 = Release|Any CPU
		{37578E28-437F-428A-B740-D488916CFEBB}.Debug|Any CPU.ActiveCfg = Debug|Any CPU
		{37578E28-437F-428A-B740-D488916CFEBB}.Debug|Any CPU.Build.0 = Debug|Any CPU
		{37578E28-437F-428A-B740-D488916CFEBB}.Debug|x64.ActiveCfg = Debug|Any CPU
		{37578E28-437F-428A-B740-D488916CFEBB}.Debug|x64.Build.0 = Debug|Any CPU
		{37578E28-437F-428A-B740-D488916CFEBB}.Debug|x86.ActiveCfg = Debug|Any CPU
		{37578E28-437F-428A-B740-D488916CFEBB}.Debug|x86.Build.0 = Debug|Any CPU
		{37578E28-437F-428A-B740-D488916CFEBB}.Release|Any CPU.ActiveCfg = Release|Any CPU
		{37578E28-437F-428A-B740-D488916CFEBB}.Release|Any CPU.Build.0 = Release|Any CPU
		{37578E28-437F-428A-B740-D488916CFEBB}.Release|x64.ActiveCfg = Release|Any CPU
		{37578E28-437F-428A-B740-D488916CFEBB}.Release|x64.Build.0 = Release|Any CPU
		{37578E28-437F-428A-B740-D488916CFEBB}.Release|x86.ActiveCfg = Release|Any CPU
		{37578E28-437F-428A-B740-D488916CFEBB}.Release|x86.Build.0 = Release|Any CPU
		{32552AF1-89FA-4008-AB55-06E22E449B87}.Debug|Any CPU.ActiveCfg = Debug|Any CPU
		{32552AF1-89FA-4008-AB55-06E22E449B87}.Debug|Any CPU.Build.0 = Debug|Any CPU
		{32552AF1-89FA-4008-AB55-06E22E449B87}.Debug|x64.ActiveCfg = Debug|Any CPU
		{32552AF1-89FA-4008-AB55-06E22E449B87}.Debug|x64.Build.0 = Debug|Any CPU
		{32552AF1-89FA-4008-AB55-06E22E449B87}.Debug|x86.ActiveCfg = Debug|Any CPU
		{32552AF1-89FA-4008-AB55-06E22E449B87}.Debug|x86.Build.0 = Debug|Any CPU
		{32552AF1-89FA-4008-AB55-06E22E449B87}.Release|Any CPU.ActiveCfg = Release|Any CPU
		{32552AF1-89FA-4008-AB55-06E22E449B87}.Release|Any CPU.Build.0 = Release|Any CPU
		{32552AF1-89FA-4008-AB55-06E22E449B87}.Release|x64.ActiveCfg = Release|Any CPU
		{32552AF1-89FA-4008-AB55-06E22E449B87}.Release|x64.Build.0 = Release|Any CPU
		{32552AF1-89FA-4008-AB55-06E22E449B87}.Release|x86.ActiveCfg = Release|Any CPU
		{32552AF1-89FA-4008-AB55-06E22E449B87}.Release|x86.Build.0 = Release|Any CPU
	EndGlobalSection
	GlobalSection(SolutionProperties) = preSolution
		HideSolutionNode = FALSE
	EndGlobalSection
	GlobalSection(ExtensibilityGlobals) = postSolution
		SolutionGuid = {58CE91FA-944C-463F-A567-B44299B353EE}
	EndGlobalSection
EndGlobal
